
Microsoft Visual Studio Solution File, Format Version 12.00
# Visual Studio Version 16
VisualStudioVersion = 16.0.31702.278
MinimumVisualStudioVersion = 10.0.40219.1
Project("{FAE04EC0-301F-11D3-BF4B-00C04F79EFBC}") = "Classwork_16_10", "Classwork_16_10.csproj", "{3FD5A86F-9756-418D-B940-85F7F2E3FB89}"
EndProject
Project("{FAE04EC0-301F-11D3-BF4B-00C04F79EFBC}") = "HomeworkFile_16_10", "..\HomeworkFile_16_10\HomeworkFile_16_10.csproj", "{96487171-7615-4D1B-821F-EA6023ACE20C}"
EndProject
Project("{FAE04EC0-301F-11D3-BF4B-00C04F79EFBC}") = "HomeworkTM_16_10", "..\HomeworkTM_16_10\HomeworkTM_16_10.csproj", "{77874B3A-DFAF-456C-A63A-C27A7014863C}"
EndProject
Project("{2150E333-8FDC-42A3-9474-1A3956D46DE8}") = "resourse", "resourse", "{D9DA7EE9-BD33-479F-A2CE-C8C3EA36D595}"
EndProject
Global
	GlobalSection(SolutionConfigurationPlatforms) = preSolution
		Debug|Any CPU = Debug|Any CPU
		Release|Any CPU = Release|Any CPU
	EndGlobalSection
	GlobalSection(ProjectConfigurationPlatforms) = postSolution
		{3FD5A86F-9756-418D-B940-85F7F2E3FB89}.Debug|Any CPU.ActiveCfg = Debug|Any CPU
		{3FD5A86F-9756-418D-B940-85F7F2E3FB89}.Debug|Any CPU.Build.0 = Debug|Any CPU
		{3FD5A86F-9756-418D-B940-85F7F2E3FB89}.Release|Any CPU.ActiveCfg = Release|Any CPU
		{3FD5A86F-9756-418D-B940-85F7F2E3FB89}.Release|Any CPU.Build.0 = Release|Any CPU
		{96487171-7615-4D1B-821F-EA6023ACE20C}.Debug|Any CPU.ActiveCfg = Debug|Any CPU
		{96487171-7615-4D1B-821F-EA6023ACE20C}.Debug|Any CPU.Build.0 = Debug|Any CPU
		{96487171-7615-4D1B-821F-EA6023ACE20C}.Release|Any CPU.ActiveCfg = Release|Any CPU
		{96487171-7615-4D1B-821F-EA6023ACE20C}.Release|Any CPU.Build.0 = Release|Any CPU
		{77874B3A-DFAF-456C-A63A-C27A7014863C}.Debug|Any CPU.ActiveCfg = Debug|Any CPU
		{77874B3A-DFAF-456C-A63A-C27A7014863C}.Debug|Any CPU.Build.0 = Debug|Any CPU
		{77874B3A-DFAF-456C-A63A-C27A7014863C}.Release|Any CPU.ActiveCfg = Release|Any CPU
		{77874B3A-DFAF-456C-A63A-C27A7014863C}.Release|Any CPU.Build.0 = Release|Any CPU
	EndGlobalSection
	GlobalSection(SolutionProperties) = preSolution
		HideSolutionNode = FALSE
	EndGlobalSection
	GlobalSection(ExtensibilityGlobals) = postSolution
		SolutionGuid = {A1E70C7B-2F1F-4EFE-9ACC-95AD70BAA757}
	EndGlobalSection
EndGlobal
